<?xml version="1.0" encoding="utf-8"?>
<Project ToolsVersion="4.0" xmlns="http://schemas.microsoft.com/developer/msbuild/2003">
  <ItemGroup>
    <ClCompile Include="Unit.cpp" />
    <ClCompile Include="Lurker.cpp" />
    <ClCompile Include="Tank.cpp" />
  </ItemGroup>
  <ItemGroup>
    <ClInclude Include="Unit.h" />
    <ClInclude Include="Lurker.h" />
    <ClInclude Include="Tank.h" />
  </ItemGroup>
</Project>